
Microsoft Visual Studio Solution File, Format Version 12.00
# Visual Studio Version 17
VisualStudioVersion = 17.2.32516.85
MinimumVisualStudioVersion = 10.0.40219.1
Project("{9A19103F-16F7-4668-BE54-9A1E7A4F7556}") = "CodeLearn.WPF", "CodeLearn.WPF\CodeLearn.WPF.csproj", "{672DC344-25C2-4D73-B086-6BA6668F6730}"
EndProject
Project("{9A19103F-16F7-4668-BE54-9A1E7A4F7556}") = "CodeLearn.Lib", "CodeLearn.Lib\CodeLearn.Lib.csproj", "{B6A36880-59FA-4627-B618-728DF2B47609}"
EndProject
Project("{9A19103F-16F7-4668-BE54-9A1E7A4F7556}") = "CodeLearn.Db", "CodeLearn.Db\CodeLearn.Db.csproj", "{FFE4376D-7CBB-4013-B5FF-C481F14DCDD4}"
EndProject
Project("{FAE04EC0-301F-11D3-BF4B-00C04F79EFBC}") = "SharedSettings", "SharedSettings\SharedSettings.csproj", "{869B08E7-319C-42ED-83F4-BA2E4B02A1CA}"
EndProject
Global
	GlobalSection(SolutionConfigurationPlatforms) = preSolution
		Debug|Any CPU = Debug|Any CPU
		Release|Any CPU = Release|Any CPU
	EndGlobalSection
	GlobalSection(ProjectConfigurationPlatforms) = postSolution
		{672DC344-25C2-4D73-B086-6BA6668F6730}.Debug|Any CPU.ActiveCfg = Debug|Any CPU
		{672DC344-25C2-4D73-B086-6BA6668F6730}.Debug|Any CPU.Build.0 = Debug|Any CPU
		{672DC344-25C2-4D73-B086-6BA6668F6730}.Release|Any CPU.ActiveCfg = Release|Any CPU
		{672DC344-25C2-4D73-B086-6BA6668F6730}.Release|Any CPU.Build.0 = Release|Any CPU
		{B6A36880-59FA-4627-B618-728DF2B47609}.Debug|Any CPU.ActiveCfg = Debug|Any CPU
		{B6A36880-59FA-4627-B618-728DF2B47609}.Debug|Any CPU.Build.0 = Debug|Any CPU
		{B6A36880-59FA-4627-B618-728DF2B47609}.Release|Any CPU.ActiveCfg = Release|Any CPU
		{B6A36880-59FA-4627-B618-728DF2B47609}.Release|Any CPU.Build.0 = Release|Any CPU
		{FFE4376D-7CBB-4013-B5FF-C481F14DCDD4}.Debug|Any CPU.ActiveCfg = Debug|Any CPU
		{FFE4376D-7CBB-4013-B5FF-C481F14DCDD4}.Debug|Any CPU.Build.0 = Debug|Any CPU
		{FFE4376D-7CBB-4013-B5FF-C481F14DCDD4}.Release|Any CPU.ActiveCfg = Release|Any CPU
		{FFE4376D-7CBB-4013-B5FF-C481F14DCDD4}.Release|Any CPU.Build.0 = Release|Any CPU
		{869B08E7-319C-42ED-83F4-BA2E4B02A1CA}.Debug|Any CPU.ActiveCfg = Debug|Any CPU
		{869B08E7-319C-42ED-83F4-BA2E4B02A1CA}.Debug|Any CPU.Build.0 = Debug|Any CPU
		{869B08E7-319C-42ED-83F4-BA2E4B02A1CA}.Release|Any CPU.ActiveCfg = Release|Any CPU
		{869B08E7-319C-42ED-83F4-BA2E4B02A1CA}.Release|Any CPU.Build.0 = Release|Any CPU
	EndGlobalSection
	GlobalSection(SolutionProperties) = preSolution
		HideSolutionNode = FALSE
	EndGlobalSection
	GlobalSection(ExtensibilityGlobals) = postSolution
		SolutionGuid = {BA4ED9C0-B6A1-4202-B6BA-9DC1589FA4E8}
	EndGlobalSection
EndGlobal
