
Microsoft Visual Studio Solution File, Format Version 12.00
# Visual Studio Version 17
VisualStudioVersion = 17.0.31903.59
MinimumVisualStudioVersion = 10.0.40219.1
Project("{2150E333-8FDC-42A3-9474-1A3956D46DE8}") = "src", "src", "{50054D0B-FB95-4508-A02B-874B18275C22}"
EndProject
Project("{9A19103F-16F7-4668-BE54-9A1E7A4F7556}") = "CodeLearn.Api", "src\CodeLearn.Api\CodeLearn.Api.csproj", "{4A48EAAE-52B5-40D0-9D5D-3F4087539B3A}"
EndProject
Project("{9A19103F-16F7-4668-BE54-9A1E7A4F7556}") = "CodeLearn.Application", "src\CodeLearn.Application\CodeLearn.Application.csproj", "{4DDCA7F5-B779-4C42-99A2-A453498D2EF7}"
EndProject
Project("{9A19103F-16F7-4668-BE54-9A1E7A4F7556}") = "CodeLearn.Infrastructure", "src\CodeLearn.Infrastructure\CodeLearn.Infrastructure.csproj", "{67FC104B-2F98-4A1C-A4F5-57324B628A5E}"
EndProject
Project("{9A19103F-16F7-4668-BE54-9A1E7A4F7556}") = "CodeLearn.Domain", "src\CodeLearn.Domain\CodeLearn.Domain.csproj", "{73B0DF63-1EDF-4546-8668-DCD8FBDF4B9A}"
EndProject
Project("{9A19103F-16F7-4668-BE54-9A1E7A4F7556}") = "CodeLearn.Contracts", "src\CodeLearn.Contracts\CodeLearn.Contracts.csproj", "{D87662D8-3377-486B-86D5-E98229B175EE}"
EndProject
Project("{E53339B2-1760-4266-BCC7-CA923CBCF16C}") = "docker-compose", "docker-compose.dcproj", "{F83975F9-9744-43D1-BA25-23480DC4A3FA}"
EndProject
Project("{FAE04EC0-301F-11D3-BF4B-00C04F79EFBC}") = "CodeLearn.CodeEngine", "src\CodeLearn.CodeEngine\CodeLearn.CodeEngine.csproj", "{DE3CB035-94F0-426B-815A-98339F2EF8EC}"
EndProject
Global
	GlobalSection(SolutionConfigurationPlatforms) = preSolution
		Debug|Any CPU = Debug|Any CPU
		Release|Any CPU = Release|Any CPU
	EndGlobalSection
	GlobalSection(ProjectConfigurationPlatforms) = postSolution
		{4A48EAAE-52B5-40D0-9D5D-3F4087539B3A}.Debug|Any CPU.ActiveCfg = Debug|Any CPU
		{4A48EAAE-52B5-40D0-9D5D-3F4087539B3A}.Debug|Any CPU.Build.0 = Debug|Any CPU
		{4A48EAAE-52B5-40D0-9D5D-3F4087539B3A}.Release|Any CPU.ActiveCfg = Release|Any CPU
		{4A48EAAE-52B5-40D0-9D5D-3F4087539B3A}.Release|Any CPU.Build.0 = Release|Any CPU
		{4DDCA7F5-B779-4C42-99A2-A453498D2EF7}.Debug|Any CPU.ActiveCfg = Debug|Any CPU
		{4DDCA7F5-B779-4C42-99A2-A453498D2EF7}.Debug|Any CPU.Build.0 = Debug|Any CPU
		{4DDCA7F5-B779-4C42-99A2-A453498D2EF7}.Release|Any CPU.ActiveCfg = Release|Any CPU
		{4DDCA7F5-B779-4C42-99A2-A453498D2EF7}.Release|Any CPU.Build.0 = Release|Any CPU
		{67FC104B-2F98-4A1C-A4F5-57324B628A5E}.Debug|Any CPU.ActiveCfg = Debug|Any CPU
		{67FC104B-2F98-4A1C-A4F5-57324B628A5E}.Debug|Any CPU.Build.0 = Debug|Any CPU
		{67FC104B-2F98-4A1C-A4F5-57324B628A5E}.Release|Any CPU.ActiveCfg = Release|Any CPU
		{67FC104B-2F98-4A1C-A4F5-57324B628A5E}.Release|Any CPU.Build.0 = Release|Any CPU
		{73B0DF63-1EDF-4546-8668-DCD8FBDF4B9A}.Debug|Any CPU.ActiveCfg = Debug|Any CPU
		{73B0DF63-1EDF-4546-8668-DCD8FBDF4B9A}.Debug|Any CPU.Build.0 = Debug|Any CPU
		{73B0DF63-1EDF-4546-8668-DCD8FBDF4B9A}.Release|Any CPU.ActiveCfg = Release|Any CPU
		{73B0DF63-1EDF-4546-8668-DCD8FBDF4B9A}.Release|Any CPU.Build.0 = Release|Any CPU
		{D87662D8-3377-486B-86D5-E98229B175EE}.Debug|Any CPU.ActiveCfg = Debug|Any CPU
		{D87662D8-3377-486B-86D5-E98229B175EE}.Debug|Any CPU.Build.0 = Debug|Any CPU
		{D87662D8-3377-486B-86D5-E98229B175EE}.Release|Any CPU.ActiveCfg = Release|Any CPU
		{D87662D8-3377-486B-86D5-E98229B175EE}.Release|Any CPU.Build.0 = Release|Any CPU
		{F83975F9-9744-43D1-BA25-23480DC4A3FA}.Debug|Any CPU.ActiveCfg = Debug|Any CPU
		{F83975F9-9744-43D1-BA25-23480DC4A3FA}.Debug|Any CPU.Build.0 = Debug|Any CPU
		{F83975F9-9744-43D1-BA25-23480DC4A3FA}.Release|Any CPU.ActiveCfg = Release|Any CPU
		{F83975F9-9744-43D1-BA25-23480DC4A3FA}.Release|Any CPU.Build.0 = Release|Any CPU
		{DE3CB035-94F0-426B-815A-98339F2EF8EC}.Debug|Any CPU.ActiveCfg = Debug|Any CPU
		{DE3CB035-94F0-426B-815A-98339F2EF8EC}.Debug|Any CPU.Build.0 = Debug|Any CPU
		{DE3CB035-94F0-426B-815A-98339F2EF8EC}.Release|Any CPU.ActiveCfg = Release|Any CPU
		{DE3CB035-94F0-426B-815A-98339F2EF8EC}.Release|Any CPU.Build.0 = Release|Any CPU
	EndGlobalSection
	GlobalSection(SolutionProperties) = preSolution
		HideSolutionNode = FALSE
	EndGlobalSection
	GlobalSection(NestedProjects) = preSolution
		{4A48EAAE-52B5-40D0-9D5D-3F4087539B3A} = {50054D0B-FB95-4508-A02B-874B18275C22}
		{4DDCA7F5-B779-4C42-99A2-A453498D2EF7} = {50054D0B-FB95-4508-A02B-874B18275C22}
		{67FC104B-2F98-4A1C-A4F5-57324B628A5E} = {50054D0B-FB95-4508-A02B-874B18275C22}
		{73B0DF63-1EDF-4546-8668-DCD8FBDF4B9A} = {50054D0B-FB95-4508-A02B-874B18275C22}
		{D87662D8-3377-486B-86D5-E98229B175EE} = {50054D0B-FB95-4508-A02B-874B18275C22}
		{DE3CB035-94F0-426B-815A-98339F2EF8EC} = {50054D0B-FB95-4508-A02B-874B18275C22}
	EndGlobalSection
	GlobalSection(ExtensibilityGlobals) = postSolution
		SolutionGuid = {4C437CBB-1171-4E71-ADEB-D6182A3EA8DA}
	EndGlobalSection
EndGlobal
